
Microsoft Visual Studio Solution File, Format Version 12.00
# Visual Studio Version 17
VisualStudioVersion = 17.7.34221.43
MinimumVisualStudioVersion = 10.0.40219.1
Project("{FAE04EC0-301F-11D3-BF4B-00C04F79EFBC}") = "FirstGrpc", "FirstGrpc\FirstGrpc.csproj", "{BB8196D6-0231-4B03-BFA3-9DD8CBEDAC85}"
EndProject
Project("{FAE04EC0-301F-11D3-BF4B-00C04F79EFBC}") = "Client", "Client\Client.csproj", "{66943FFE-2CBF-4183-B31A-7E1788C7E279}"
EndProject
Project("{FAE04EC0-301F-11D3-BF4B-00C04F79EFBC}") = "MVCClient", "MVCClient\MVCClient.csproj", "{3D32D514-FAB7-4D9F-8D19-0BF0272022C8}"
EndProject
Global
	GlobalSection(SolutionConfigurationPlatforms) = preSolution
		Debug|Any CPU = Debug|Any CPU
		Release|Any CPU = Release|Any CPU
	EndGlobalSection
	GlobalSection(ProjectConfigurationPlatforms) = postSolution
		{BB8196D6-0231-4B03-BFA3-9DD8CBEDAC85}.Debug|Any CPU.ActiveCfg = Debug|Any CPU
		{BB8196D6-0231-4B03-BFA3-9DD8CBEDAC85}.Debug|Any CPU.Build.0 = Debug|Any CPU
		{BB8196D6-0231-4B03-BFA3-9DD8CBEDAC85}.Release|Any CPU.ActiveCfg = Release|Any CPU
		{BB8196D6-0231-4B03-BFA3-9DD8CBEDAC85}.Release|Any CPU.Build.0 = Release|Any CPU
		{66943FFE-2CBF-4183-B31A-7E1788C7E279}.Debug|Any CPU.ActiveCfg = Debug|Any CPU
		{66943FFE-2CBF-4183-B31A-7E1788C7E279}.Debug|Any CPU.Build.0 = Debug|Any CPU
		{66943FFE-2CBF-4183-B31A-7E1788C7E279}.Release|Any CPU.ActiveCfg = Release|Any CPU
		{66943FFE-2CBF-4183-B31A-7E1788C7E279}.Release|Any CPU.Build.0 = Release|Any CPU
		{3D32D514-FAB7-4D9F-8D19-0BF0272022C8}.Debug|Any CPU.ActiveCfg = Debug|Any CPU
		{3D32D514-FAB7-4D9F-8D19-0BF0272022C8}.Debug|Any CPU.Build.0 = Debug|Any CPU
		{3D32D514-FAB7-4D9F-8D19-0BF0272022C8}.Release|Any CPU.ActiveCfg = Release|Any CPU
		{3D32D514-FAB7-4D9F-8D19-0BF0272022C8}.Release|Any CPU.Build.0 = Release|Any CPU
	EndGlobalSection
	GlobalSection(SolutionProperties) = preSolution
		HideSolutionNode = FALSE
	EndGlobalSection
	GlobalSection(ExtensibilityGlobals) = postSolution
		SolutionGuid = {3A14BF0D-62D4-4D2E-B878-722033365FDB}
	EndGlobalSection
EndGlobal
